
Microsoft Visual Studio Solution File, Format Version 12.00
# Visual Studio 15
VisualStudioVersion = 15.0.27703.2018
MinimumVisualStudioVersion = 10.0.40219.1
Project("{FAE04EC0-301F-11D3-BF4B-00C04F79EFBC}") = "UbuntuService", "UbuntuService\UbuntuService.csproj", "{AACFF005-AB52-41AB-BAE0-646433FC4154}"
EndProject
Project("{FAE04EC0-301F-11D3-BF4B-00C04F79EFBC}") = "Sharing", "Sharing\Sharing.csproj", "{C21D765C-83AD-4087-BB04-F713844C224D}"
EndProject
Project("{FAE04EC0-301F-11D3-BF4B-00C04F79EFBC}") = "API", "API\API.csproj", "{1F812E79-9F63-42C1-97BD-8D6ED5D5C945}"
EndProject
Global
	GlobalSection(SolutionConfigurationPlatforms) = preSolution
		Debug|Any CPU = Debug|Any CPU
		Release|Any CPU = Release|Any CPU
	EndGlobalSection
	GlobalSection(ProjectConfigurationPlatforms) = postSolution
		{AACFF005-AB52-41AB-BAE0-646433FC4154}.Debug|Any CPU.ActiveCfg = Debug|Any CPU
		{AACFF005-AB52-41AB-BAE0-646433FC4154}.Debug|Any CPU.Build.0 = Debug|Any CPU
		{AACFF005-AB52-41AB-BAE0-646433FC4154}.Release|Any CPU.ActiveCfg = Release|Any CPU
		{AACFF005-AB52-41AB-BAE0-646433FC4154}.Release|Any CPU.Build.0 = Release|Any CPU
		{C21D765C-83AD-4087-BB04-F713844C224D}.Debug|Any CPU.ActiveCfg = Debug|Any CPU
		{C21D765C-83AD-4087-BB04-F713844C224D}.Debug|Any CPU.Build.0 = Debug|Any CPU
		{C21D765C-83AD-4087-BB04-F713844C224D}.Release|Any CPU.ActiveCfg = Release|Any CPU
		{C21D765C-83AD-4087-BB04-F713844C224D}.Release|Any CPU.Build.0 = Release|Any CPU
		{1F812E79-9F63-42C1-97BD-8D6ED5D5C945}.Debug|Any CPU.ActiveCfg = Debug|Any CPU
		{1F812E79-9F63-42C1-97BD-8D6ED5D5C945}.Debug|Any CPU.Build.0 = Debug|Any CPU
		{1F812E79-9F63-42C1-97BD-8D6ED5D5C945}.Release|Any CPU.ActiveCfg = Release|Any CPU
		{1F812E79-9F63-42C1-97BD-8D6ED5D5C945}.Release|Any CPU.Build.0 = Release|Any CPU
	EndGlobalSection
	GlobalSection(SolutionProperties) = preSolution
		HideSolutionNode = FALSE
	EndGlobalSection
	GlobalSection(ExtensibilityGlobals) = postSolution
		SolutionGuid = {0782395E-5966-492F-9CB4-9687625857AD}
	EndGlobalSection
EndGlobal
